
Microsoft Visual Studio Solution File, Format Version 12.00
# Visual Studio Version 17
VisualStudioVersion = 17.9.34616.47
MinimumVisualStudioVersion = 10.0.40219.1
Project("{8BC9CEB8-8B4A-11D0-8D11-00A0C91BC942}") = "strukt1", "strukt1\strukt1.vcxproj", "{14884BBD-42B7-41EC-A4DD-BD50BCDBFFA6}"
EndProject
Project("{8BC9CEB8-8B4A-11D0-8D11-00A0C91BC942}") = "struct2", "struct2\struct2.vcxproj", "{23B528AC-5409-474A-88AA-F26A787CE6C9}"
EndProject
Global
	GlobalSection(SolutionConfigurationPlatforms) = preSolution
		Debug|x64 = Debug|x64
		Debug|x86 = Debug|x86
		Release|x64 = Release|x64
		Release|x86 = Release|x86
	EndGlobalSection
	GlobalSection(ProjectConfigurationPlatforms) = postSolution
		{14884BBD-42B7-41EC-A4DD-BD50BCDBFFA6}.Debug|x64.ActiveCfg = Debug|x64
		{14884BBD-42B7-41EC-A4DD-BD50BCDBFFA6}.Debug|x64.Build.0 = Debug|x64
		{14884BBD-42B7-41EC-A4DD-BD50BCDBFFA6}.Debug|x86.ActiveCfg = Debug|Win32
		{14884BBD-42B7-41EC-A4DD-BD50BCDBFFA6}.Debug|x86.Build.0 = Debug|Win32
		{14884BBD-42B7-41EC-A4DD-BD50BCDBFFA6}.Release|x64.ActiveCfg = Release|x64
		{14884BBD-42B7-41EC-A4DD-BD50BCDBFFA6}.Release|x64.Build.0 = Release|x64
		{14884BBD-42B7-41EC-A4DD-BD50BCDBFFA6}.Release|x86.ActiveCfg = Release|Win32
		{14884BBD-42B7-41EC-A4DD-BD50BCDBFFA6}.Release|x86.Build.0 = Release|Win32
		{23B528AC-5409-474A-88AA-F26A787CE6C9}.Debug|x64.ActiveCfg = Debug|x64
		{23B528AC-5409-474A-88AA-F26A787CE6C9}.Debug|x64.Build.0 = Debug|x64
		{23B528AC-5409-474A-88AA-F26A787CE6C9}.Debug|x86.ActiveCfg = Debug|Win32
		{23B528AC-5409-474A-88AA-F26A787CE6C9}.Debug|x86.Build.0 = Debug|Win32
		{23B528AC-5409-474A-88AA-F26A787CE6C9}.Release|x64.ActiveCfg = Release|x64
		{23B528AC-5409-474A-88AA-F26A787CE6C9}.Release|x64.Build.0 = Release|x64
		{23B528AC-5409-474A-88AA-F26A787CE6C9}.Release|x86.ActiveCfg = Release|Win32
		{23B528AC-5409-474A-88AA-F26A787CE6C9}.Release|x86.Build.0 = Release|Win32
	EndGlobalSection
	GlobalSection(SolutionProperties) = preSolution
		HideSolutionNode = FALSE
	EndGlobalSection
	GlobalSection(ExtensibilityGlobals) = postSolution
		SolutionGuid = {6E8B9600-59DE-4E49-B220-0A913D82F38A}
	EndGlobalSection
EndGlobal
